
Microsoft Visual Studio Solution File, Format Version 12.00
# Visual Studio Version 18
VisualStudioVersion = 18.7.11911.148
MinimumVisualStudioVersion = 10.0.40219.1
Project("{2150E333-8FDC-42A3-9474-1A3956D46DE8}") = "src", "src", "{827E0CD3-B72D-47B6-A68D-7590B98EB39B}"
EndProject
Project("{FAE04EC0-301F-11D3-BF4B-00C04F79EFBC}") = "Audit.Application", "Audit.Application\Audit.Application.csproj", "{A9E29C15-AE89-44F8-B16F-47A98A0A0553}"
EndProject
Project("{FAE04EC0-301F-11D3-BF4B-00C04F79EFBC}") = "Audit.Contracts", "Audit.Contracts\Audit.Contracts.csproj", "{EFA5419A-73E2-447E-B279-9D71559602F8}"
EndProject
Project("{FAE04EC0-301F-11D3-BF4B-00C04F79EFBC}") = "Audit.Domain", "Audit.Domain\Audit.Domain.csproj", "{4B20C460-FBF4-4B40-B879-965BBA489F70}"
EndProject
Project("{FAE04EC0-301F-11D3-BF4B-00C04F79EFBC}") = "Audit.Infrastructure", "Audit.Infrastructure\Audit.Infrastructure.csproj", "{3FCCC284-070F-4885-BDA7-6F4F0E975613}"
EndProject
Project("{FAE04EC0-301F-11D3-BF4B-00C04F79EFBC}") = "Audit.Ingestion.Worker", "Audit.Ingestion.Worker\Audit.Ingestion.Worker.csproj", "{F7B5E7D4-6567-4C01-9F8B-0C12467E35B7}"
EndProject
Project("{FAE04EC0-301F-11D3-BF4B-00C04F79EFBC}") = "Audit.Processing.Worker", "Audit.Processing.Worker\Audit.Processing.Worker.csproj", "{5BC0FDE8-14C2-451F-A569-7E807CD8E2B6}"
EndProject
Project("{FAE04EC0-301F-11D3-BF4B-00C04F79EFBC}") = "Audit.Query.Api", "Audit.Query.Api\Audit.Query.Api.csproj", "{89FB41A2-7F54-48F7-86F1-370E2194DE80}"
EndProject
Project("{FAE04EC0-301F-11D3-BF4B-00C04F79EFBC}") = "Audit.Domain.Tests", "tests\Audit.Domain.Tests\Audit.Domain.Tests.csproj", "{0CD75105-DE5B-4638-B2FD-1BCD1667E8A2}"
EndProject
Project("{2150E333-8FDC-42A3-9474-1A3956D46DE8}") = "tests", "tests", "{0AB3BF05-4346-4AA6-1389-037BE0695223}"
EndProject
Project("{FAE04EC0-301F-11D3-BF4B-00C04F79EFBC}") = "Audit.Application.Tests", "tests\Audit.Application.Tests\Audit.Application.Tests.csproj", "{3BFC1EF0-6B0E-447A-9022-E40088C9432C}"
EndProject
Project("{FAE04EC0-301F-11D3-BF4B-00C04F79EFBC}") = "Audit.Archival.Worker", "Audit.Archival.Worker\Audit.Archival.Worker.csproj", "{63E5BF5A-E7D6-4ADC-97EF-E19FEE1011C9}"
EndProject
Project("{FAE04EC0-301F-11D3-BF4B-00C04F79EFBC}") = "Audit.Infrastructure.Tests", "tests\Audit.Infrastructure.Tests\Audit.Infrastructure.Tests.csproj", "{0B756180-5887-458B-ACC7-6F19E33275A2}"
EndProject
Project("{FAE04EC0-301F-11D3-BF4B-00C04F79EFBC}") = "Audit.Query.Api.Tests", "tests\Audit.Query.Api.Tests\Audit.Query.Api.Tests.csproj", "{4C4B7684-8A17-4DD6-A145-BCEECD875DBF}"
EndProject
Global
	GlobalSection(SolutionConfigurationPlatforms) = preSolution
		Debug|Any CPU = Debug|Any CPU
		Debug|x64 = Debug|x64
		Debug|x86 = Debug|x86
		Release|Any CPU = Release|Any CPU
		Release|x64 = Release|x64
		Release|x86 = Release|x86
	EndGlobalSection
	GlobalSection(ProjectConfigurationPlatforms) = postSolution
		{A9E29C15-AE89-44F8-B16F-47A98A0A0553}.Debug|Any CPU.ActiveCfg = Debug|Any CPU
		{A9E29C15-AE89-44F8-B16F-47A98A0A0553}.Debug|Any CPU.Build.0 = Debug|Any CPU
		{A9E29C15-AE89-44F8-B16F-47A98A0A0553}.Debug|x64.ActiveCfg = Debug|Any CPU
		{A9E29C15-AE89-44F8-B16F-47A98A0A0553}.Debug|x64.Build.0 = Debug|Any CPU
		{A9E29C15-AE89-44F8-B16F-47A98A0A0553}.Debug|x86.ActiveCfg = Debug|Any CPU
		{A9E29C15-AE89-44F8-B16F-47A98A0A0553}.Debug|x86.Build.0 = Debug|Any CPU
		{A9E29C15-AE89-44F8-B16F-47A98A0A0553}.Release|Any CPU.ActiveCfg = Release|Any CPU
		{A9E29C15-AE89-44F8-B16F-47A98A0A0553}.Release|Any CPU.Build.0 = Release|Any CPU
		{A9E29C15-AE89-44F8-B16F-47A98A0A0553}.Release|x64.ActiveCfg = Release|Any CPU
		{A9E29C15-AE89-44F8-B16F-47A98A0A0553}.Release|x64.Build.0 = Release|Any CPU
		{A9E29C15-AE89-44F8-B16F-47A98A0A0553}.Release|x86.ActiveCfg = Release|Any CPU
		{A9E29C15-AE89-44F8-B16F-47A98A0A0553}.Release|x86.Build.0 = Release|Any CPU
		{EFA5419A-73E2-447E-B279-9D71559602F8}.Debug|Any CPU.ActiveCfg = Debug|Any CPU
		{EFA5419A-73E2-447E-B279-9D71559602F8}.Debug|Any CPU.Build.0 = Debug|Any CPU
		{EFA5419A-73E2-447E-B279-9D71559602F8}.Debug|x64.ActiveCfg = Debug|Any CPU
		{EFA5419A-73E2-447E-B279-9D71559602F8}.Debug|x64.Build.0 = Debug|Any CPU
		{EFA5419A-73E2-447E-B279-9D71559602F8}.Debug|x86.ActiveCfg = Debug|Any CPU
		{EFA5419A-73E2-447E-B279-9D71559602F8}.Debug|x86.Build.0 = Debug|Any CPU
		{EFA5419A-73E2-447E-B279-9D71559602F8}.Release|Any CPU.ActiveCfg = Release|Any CPU
		{EFA5419A-73E2-447E-B279-9D71559602F8}.Release|Any CPU.Build.0 = Release|Any CPU
		{EFA5419A-73E2-447E-B279-9D71559602F8}.Release|x64.ActiveCfg = Release|Any CPU
		{EFA5419A-73E2-447E-B279-9D71559602F8}.Release|x64.Build.0 = Release|Any CPU
		{EFA5419A-73E2-447E-B279-9D71559602F8}.Release|x86.ActiveCfg = Release|Any CPU
		{EFA5419A-73E2-447E-B279-9D71559602F8}.Release|x86.Build.0 = Release|Any CPU
		{4B20C460-FBF4-4B40-B879-965BBA489F70}.Debug|Any CPU.ActiveCfg = Debug|Any CPU
		{4B20C460-FBF4-4B40-B879-965BBA489F70}.Debug|Any CPU.Build.0 = Debug|Any CPU
		{4B20C460-FBF4-4B40-B879-965BBA489F70}.Debug|x64.ActiveCfg = Debug|Any CPU
		{4B20C460-FBF4-4B40-B879-965BBA489F70}.Debug|x64.Build.0 = Debug|Any CPU
		{4B20C460-FBF4-4B40-B879-965BBA489F70}.Debug|x86.ActiveCfg = Debug|Any CPU
		{4B20C460-FBF4-4B40-B879-965BBA489F70}.Debug|x86.Build.0 = Debug|Any CPU
		{4B20C460-FBF4-4B40-B879-965BBA489F70}.Release|Any CPU.ActiveCfg = Release|Any CPU
		{4B20C460-FBF4-4B40-B879-965BBA489F70}.Release|Any CPU.Build.0 = Release|Any CPU
		{4B20C460-FBF4-4B40-B879-965BBA489F70}.Release|x64.ActiveCfg = Release|Any CPU
		{4B20C460-FBF4-4B40-B879-965BBA489F70}.Release|x64.Build.0 = Release|Any CPU
		{4B20C460-FBF4-4B40-B879-965BBA489F70}.Release|x86.ActiveCfg = Release|Any CPU
		{4B20C460-FBF4-4B40-B879-965BBA489F70}.Release|x86.Build.0 = Release|Any CPU
		{3FCCC284-070F-4885-BDA7-6F4F0E975613}.Debug|Any CPU.ActiveCfg = Debug|Any CPU
		{3FCCC284-070F-4885-BDA7-6F4F0E975613}.Debug|Any CPU.Build.0 = Debug|Any CPU
		{3FCCC284-070F-4885-BDA7-6F4F0E975613}.Debug|x64.ActiveCfg = Debug|Any CPU
		{3FCCC284-070F-4885-BDA7-6F4F0E975613}.Debug|x64.Build.0 = Debug|Any CPU
		{3FCCC284-070F-4885-BDA7-6F4F0E975613}.Debug|x86.ActiveCfg = Debug|Any CPU
		{3FCCC284-070F-4885-BDA7-6F4F0E975613}.Debug|x86.Build.0 = Debug|Any CPU
		{3FCCC284-070F-4885-BDA7-6F4F0E975613}.Release|Any CPU.ActiveCfg = Release|Any CPU
		{3FCCC284-070F-4885-BDA7-6F4F0E975613}.Release|Any CPU.Build.0 = Release|Any CPU
		{3FCCC284-070F-4885-BDA7-6F4F0E975613}.Release|x64.ActiveCfg = Release|Any CPU
		{3FCCC284-070F-4885-BDA7-6F4F0E975613}.Release|x64.Build.0 = Release|Any CPU
		{3FCCC284-070F-4885-BDA7-6F4F0E975613}.Release|x86.ActiveCfg = Release|Any CPU
		{3FCCC284-070F-4885-BDA7-6F4F0E975613}.Release|x86.Build.0 = Release|Any CPU
		{F7B5E7D4-6567-4C01-9F8B-0C12467E35B7}.Debug|Any CPU.ActiveCfg = Debug|Any CPU
		{F7B5E7D4-6567-4C01-9F8B-0C12467E35B7}.Debug|Any CPU.Build.0 = Debug|Any CPU
		{F7B5E7D4-6567-4C01-9F8B-0C12467E35B7}.Debug|x64.ActiveCfg = Debug|Any CPU
		{F7B5E7D4-6567-4C01-9F8B-0C12467E35B7}.Debug|x64.Build.0 = Debug|Any CPU
		{F7B5E7D4-6567-4C01-9F8B-0C12467E35B7}.Debug|x86.ActiveCfg = Debug|Any CPU
		{F7B5E7D4-6567-4C01-9F8B-0C12467E35B7}.Debug|x86.Build.0 = Debug|Any CPU
		{F7B5E7D4-6567-4C01-9F8B-0C12467E35B7}.Release|Any CPU.ActiveCfg = Release|Any CPU
		{F7B5E7D4-6567-4C01-9F8B-0C12467E35B7}.Release|Any CPU.Build.0 = Release|Any CPU
		{F7B5E7D4-6567-4C01-9F8B-0C12467E35B7}.Release|x64.ActiveCfg = Release|Any CPU
		{F7B5E7D4-6567-4C01-9F8B-0C12467E35B7}.Release|x64.Build.0 = Release|Any CPU
		{F7B5E7D4-6567-4C01-9F8B-0C12467E35B7}.Release|x86.ActiveCfg = Release|Any CPU
		{F7B5E7D4-6567-4C01-9F8B-0C12467E35B7}.Release|x86.Build.0 = Release|Any CPU
		{5BC0FDE8-14C2-451F-A569-7E807CD8E2B6}.Debug|Any CPU.ActiveCfg = Debug|Any CPU
		{5BC0FDE8-14C2-451F-A569-7E807CD8E2B6}.Debug|Any CPU.Build.0 = Debug|Any CPU
		{5BC0FDE8-14C2-451F-A569-7E807CD8E2B6}.Debug|x64.ActiveCfg = Debug|Any CPU
		{5BC0FDE8-14C2-451F-A569-7E807CD8E2B6}.Debug|x64.Build.0 = Debug|Any CPU
		{5BC0FDE8-14C2-451F-A569-7E807CD8E2B6}.Debug|x86.ActiveCfg = Debug|Any CPU
		{5BC0FDE8-14C2-451F-A569-7E807CD8E2B6}.Debug|x86.Build.0 = Debug|Any CPU
		{5BC0FDE8-14C2-451F-A569-7E807CD8E2B6}.Release|Any CPU.ActiveCfg = Release|Any CPU
		{5BC0FDE8-14C2-451F-A569-7E807CD8E2B6}.Release|Any CPU.Build.0 = Release|Any CPU
		{5BC0FDE8-14C2-451F-A569-7E807CD8E2B6}.Release|x64.ActiveCfg = Release|Any CPU
		{5BC0FDE8-14C2-451F-A569-7E807CD8E2B6}.Release|x64.Build.0 = Release|Any CPU
		{5BC0FDE8-14C2-451F-A569-7E807CD8E2B6}.Release|x86.ActiveCfg = Release|Any CPU
		{5BC0FDE8-14C2-451F-A569-7E807CD8E2B6}.Release|x86.Build.0 = Release|Any CPU
		{89FB41A2-7F54-48F7-86F1-370E2194DE80}.Debug|Any CPU.ActiveCfg = Debug|Any CPU
		{89FB41A2-7F54-48F7-86F1-370E2194DE80}.Debug|Any CPU.Build.0 = Debug|Any CPU
		{89FB41A2-7F54-48F7-86F1-370E2194DE80}.Debug|x64.ActiveCfg = Debug|Any CPU
		{89FB41A2-7F54-48F7-86F1-370E2194DE80}.Debug|x64.Build.0 = Debug|Any CPU
		{89FB41A2-7F54-48F7-86F1-370E2194DE80}.Debug|x86.ActiveCfg = Debug|Any CPU
		{89FB41A2-7F54-48F7-86F1-370E2194DE80}.Debug|x86.Build.0 = Debug|Any CPU
		{89FB41A2-7F54-48F7-86F1-370E2194DE80}.Release|Any CPU.ActiveCfg = Release|Any CPU
		{89FB41A2-7F54-48F7-86F1-370E2194DE80}.Release|Any CPU.Build.0 = Release|Any CPU
		{89FB41A2-7F54-48F7-86F1-370E2194DE80}.Release|x64.ActiveCfg = Release|Any CPU
		{89FB41A2-7F54-48F7-86F1-370E2194DE80}.Release|x64.Build.0 = Release|Any CPU
		{89FB41A2-7F54-48F7-86F1-370E2194DE80}.Release|x86.ActiveCfg = Release|Any CPU
		{89FB41A2-7F54-48F7-86F1-370E2194DE80}.Release|x86.Build.0 = Release|Any CPU
		{0CD75105-DE5B-4638-B2FD-1BCD1667E8A2}.Debug|Any CPU.ActiveCfg = Debug|Any CPU
		{0CD75105-DE5B-4638-B2FD-1BCD1667E8A2}.Debug|Any CPU.Build.0 = Debug|Any CPU
		{0CD75105-DE5B-4638-B2FD-1BCD1667E8A2}.Debug|x64.ActiveCfg = Debug|Any CPU
		{0CD75105-DE5B-4638-B2FD-1BCD1667E8A2}.Debug|x64.Build.0 = Debug|Any CPU
		{0CD75105-DE5B-4638-B2FD-1BCD1667E8A2}.Debug|x86.ActiveCfg = Debug|Any CPU
		{0CD75105-DE5B-4638-B2FD-1BCD1667E8A2}.Debug|x86.Build.0 = Debug|Any CPU
		{0CD75105-DE5B-4638-B2FD-1BCD1667E8A2}.Release|Any CPU.ActiveCfg = Release|Any CPU
		{0CD75105-DE5B-4638-B2FD-1BCD1667E8A2}.Release|Any CPU.Build.0 = Release|Any CPU
		{0CD75105-DE5B-4638-B2FD-1BCD1667E8A2}.Release|x64.ActiveCfg = Release|Any CPU
		{0CD75105-DE5B-4638-B2FD-1BCD1667E8A2}.Release|x64.Build.0 = Release|Any CPU
		{0CD75105-DE5B-4638-B2FD-1BCD1667E8A2}.Release|x86.ActiveCfg = Release|Any CPU
		{0CD75105-DE5B-4638-B2FD-1BCD1667E8A2}.Release|x86.Build.0 = Release|Any CPU
		{3BFC1EF0-6B0E-447A-9022-E40088C9432C}.Debug|Any CPU.ActiveCfg = Debug|Any CPU
		{3BFC1EF0-6B0E-447A-9022-E40088C9432C}.Debug|Any CPU.Build.0 = Debug|Any CPU
		{3BFC1EF0-6B0E-447A-9022-E40088C9432C}.Debug|x64.ActiveCfg = Debug|Any CPU
		{3BFC1EF0-6B0E-447A-9022-E40088C9432C}.Debug|x64.Build.0 = Debug|Any CPU
		{3BFC1EF0-6B0E-447A-9022-E40088C9432C}.Debug|x86.ActiveCfg = Debug|Any CPU
		{3BFC1EF0-6B0E-447A-9022-E40088C9432C}.Debug|x86.Build.0 = Debug|Any CPU
		{3BFC1EF0-6B0E-447A-9022-E40088C9432C}.Release|Any CPU.ActiveCfg = Release|Any CPU
		{3BFC1EF0-6B0E-447A-9022-E40088C9432C}.Release|Any CPU.Build.0 = Release|Any CPU
		{3BFC1EF0-6B0E-447A-9022-E40088C9432C}.Release|x64.ActiveCfg = Release|Any CPU
		{3BFC1EF0-6B0E-447A-9022-E40088C9432C}.Release|x64.Build.0 = Release|Any CPU
		{3BFC1EF0-6B0E-447A-9022-E40088C9432C}.Release|x86.ActiveCfg = Release|Any CPU
		{3BFC1EF0-6B0E-447A-9022-E40088C9432C}.Release|x86.Build.0 = Release|Any CPU
		{63E5BF5A-E7D6-4ADC-97EF-E19FEE1011C9}.Debug|Any CPU.ActiveCfg = Debug|Any CPU
		{63E5BF5A-E7D6-4ADC-97EF-E19FEE1011C9}.Debug|Any CPU.Build.0 = Debug|Any CPU
		{63E5BF5A-E7D6-4ADC-97EF-E19FEE1011C9}.Debug|x64.ActiveCfg = Debug|Any CPU
		{63E5BF5A-E7D6-4ADC-97EF-E19FEE1011C9}.Debug|x64.Build.0 = Debug|Any CPU
		{63E5BF5A-E7D6-4ADC-97EF-E19FEE1011C9}.Debug|x86.ActiveCfg = Debug|Any CPU
		{63E5BF5A-E7D6-4ADC-97EF-E19FEE1011C9}.Debug|x86.Build.0 = Debug|Any CPU
		{63E5BF5A-E7D6-4ADC-97EF-E19FEE1011C9}.Release|Any CPU.ActiveCfg = Release|Any CPU
		{63E5BF5A-E7D6-4ADC-97EF-E19FEE1011C9}.Release|Any CPU.Build.0 = Release|Any CPU
		{63E5BF5A-E7D6-4ADC-97EF-E19FEE1011C9}.Release|x64.ActiveCfg = Release|Any CPU
		{63E5BF5A-E7D6-4ADC-97EF-E19FEE1011C9}.Release|x64.Build.0 = Release|Any CPU
		{63E5BF5A-E7D6-4ADC-97EF-E19FEE1011C9}.Release|x86.ActiveCfg = Release|Any CPU
		{63E5BF5A-E7D6-4ADC-97EF-E19FEE1011C9}.Release|x86.Build.0 = Release|Any CPU
		{0B756180-5887-458B-ACC7-6F19E33275A2}.Debug|Any CPU.ActiveCfg = Debug|Any CPU
		{0B756180-5887-458B-ACC7-6F19E33275A2}.Debug|Any CPU.Build.0 = Debug|Any CPU
		{0B756180-5887-458B-ACC7-6F19E33275A2}.Debug|x64.ActiveCfg = Debug|Any CPU
		{0B756180-5887-458B-ACC7-6F19E33275A2}.Debug|x64.Build.0 = Debug|Any CPU
		{0B756180-5887-458B-ACC7-6F19E33275A2}.Debug|x86.ActiveCfg = Debug|Any CPU
		{0B756180-5887-458B-ACC7-6F19E33275A2}.Debug|x86.Build.0 = Debug|Any CPU
		{0B756180-5887-458B-ACC7-6F19E33275A2}.Release|Any CPU.ActiveCfg = Release|Any CPU
		{0B756180-5887-458B-ACC7-6F19E33275A2}.Release|Any CPU.Build.0 = Release|Any CPU
		{0B756180-5887-458B-ACC7-6F19E33275A2}.Release|x64.ActiveCfg = Release|Any CPU
		{0B756180-5887-458B-ACC7-6F19E33275A2}.Release|x64.Build.0 = Release|Any CPU
		{0B756180-5887-458B-ACC7-6F19E33275A2}.Release|x86.ActiveCfg = Release|Any CPU
		{0B756180-5887-458B-ACC7-6F19E33275A2}.Release|x86.Build.0 = Release|Any CPU
		{4C4B7684-8A17-4DD6-A145-BCEECD875DBF}.Debug|Any CPU.ActiveCfg = Debug|Any CPU
		{4C4B7684-8A17-4DD6-A145-BCEECD875DBF}.Debug|Any CPU.Build.0 = Debug|Any CPU
		{4C4B7684-8A17-4DD6-A145-BCEECD875DBF}.Debug|x64.ActiveCfg = Debug|Any CPU
		{4C4B7684-8A17-4DD6-A145-BCEECD875DBF}.Debug|x64.Build.0 = Debug|Any CPU
		{4C4B7684-8A17-4DD6-A145-BCEECD875DBF}.Debug|x86.ActiveCfg = Debug|Any CPU
		{4C4B7684-8A17-4DD6-A145-BCEECD875DBF}.Debug|x86.Build.0 = Debug|Any CPU
		{4C4B7684-8A17-4DD6-A145-BCEECD875DBF}.Release|Any CPU.ActiveCfg = Release|Any CPU
		{4C4B7684-8A17-4DD6-A145-BCEECD875DBF}.Release|Any CPU.Build.0 = Release|Any CPU
		{4C4B7684-8A17-4DD6-A145-BCEECD875DBF}.Release|x64.ActiveCfg = Release|Any CPU
		{4C4B7684-8A17-4DD6-A145-BCEECD875DBF}.Release|x64.Build.0 = Release|Any CPU
		{4C4B7684-8A17-4DD6-A145-BCEECD875DBF}.Release|x86.ActiveCfg = Release|Any CPU
		{4C4B7684-8A17-4DD6-A145-BCEECD875DBF}.Release|x86.Build.0 = Release|Any CPU
	EndGlobalSection
	GlobalSection(SolutionProperties) = preSolution
		HideSolutionNode = FALSE
	EndGlobalSection
	GlobalSection(NestedProjects) = preSolution
		{A9E29C15-AE89-44F8-B16F-47A98A0A0553} = {827E0CD3-B72D-47B6-A68D-7590B98EB39B}
		{EFA5419A-73E2-447E-B279-9D71559602F8} = {827E0CD3-B72D-47B6-A68D-7590B98EB39B}
		{4B20C460-FBF4-4B40-B879-965BBA489F70} = {827E0CD3-B72D-47B6-A68D-7590B98EB39B}
		{3FCCC284-070F-4885-BDA7-6F4F0E975613} = {827E0CD3-B72D-47B6-A68D-7590B98EB39B}
		{F7B5E7D4-6567-4C01-9F8B-0C12467E35B7} = {827E0CD3-B72D-47B6-A68D-7590B98EB39B}
		{5BC0FDE8-14C2-451F-A569-7E807CD8E2B6} = {827E0CD3-B72D-47B6-A68D-7590B98EB39B}
		{89FB41A2-7F54-48F7-86F1-370E2194DE80} = {827E0CD3-B72D-47B6-A68D-7590B98EB39B}
		{0CD75105-DE5B-4638-B2FD-1BCD1667E8A2} = {827E0CD3-B72D-47B6-A68D-7590B98EB39B}
		{3BFC1EF0-6B0E-447A-9022-E40088C9432C} = {0AB3BF05-4346-4AA6-1389-037BE0695223}
		{63E5BF5A-E7D6-4ADC-97EF-E19FEE1011C9} = {827E0CD3-B72D-47B6-A68D-7590B98EB39B}
		{0B756180-5887-458B-ACC7-6F19E33275A2} = {0AB3BF05-4346-4AA6-1389-037BE0695223}
		{4C4B7684-8A17-4DD6-A145-BCEECD875DBF} = {0AB3BF05-4346-4AA6-1389-037BE0695223}
	EndGlobalSection
EndGlobal
